Microsoft Visual Studio Solution File, Format Version 12.00
# Visual Studio Version 17
VisualStudioVersion = 17.5.2.0
MinimumVisualStudioVersion = 10.0.40219.1
Project("{2150E333-8FDC-42A3-9474-1A3956D46DE8}") = "backends", "backends", "{81267934-4FE5-6C83-B806-5B06E723B05C}"
EndProject
Project("{2150E333-8FDC-42A3-9474-1A3956D46DE8}") = "aspnet", "aspnet", "{0216352F-0C0A-11D6-D9D4-EC5BEE183AD3}"
EndProject
Project("{FAE04EC0-301F-11D3-BF4B-00C04F79EFBC}") = "TodoBench.AspNet", "backends\aspnet\TodoBench.AspNet.csproj", "{15EEC1FF-10ED-6C92-804A-DAB3F6E09D31}"
EndProject
Global
	GlobalSection(SolutionConfigurationPlatforms) = preSolution
		Debug|Any CPU = Debug|Any CPU
		Release|Any CPU = Release|Any CPU
	EndGlobalSection
	GlobalSection(ProjectConfigurationPlatforms) = postSolution
		{15EEC1FF-10ED-6C92-804A-DAB3F6E09D31}.Debug|Any CPU.ActiveCfg = Debug|Any CPU
		{15EEC1FF-10ED-6C92-804A-DAB3F6E09D31}.Debug|Any CPU.Build.0 = Debug|Any CPU
		{15EEC1FF-10ED-6C92-804A-DAB3F6E09D31}.Release|Any CPU.ActiveCfg = Release|Any CPU
		{15EEC1FF-10ED-6C92-804A-DAB3F6E09D31}.Release|Any CPU.Build.0 = Release|Any CPU
	EndGlobalSection
	GlobalSection(SolutionProperties) = preSolution
		HideSolutionNode = FALSE
	EndGlobalSection
	GlobalSection(NestedProjects) = preSolution
		{0216352F-0C0A-11D6-D9D4-EC5BEE183AD3} = {81267934-4FE5-6C83-B806-5B06E723B05C}
		{15EEC1FF-10ED-6C92-804A-DAB3F6E09D31} = {0216352F-0C0A-11D6-D9D4-EC5BEE183AD3}
	EndGlobalSection
	GlobalSection(ExtensibilityGlobals) = postSolution
		SolutionGuid = {B284D261-4B22-4F8C-9963-FBC6C5913F3D}
	EndGlobalSection
EndGlobal
